
Microsoft Visual Studio Solution File, Format Version 12.00
# Visual Studio 15
VisualStudioVersion = 15.0.26124.0
MinimumVisualStudioVersion = 15.0.26124.0
Project("{FAE04EC0-301F-11D3-BF4B-00C04F79EFBC}") = "Example", "Example\Example.csproj", "{9252D4D1-276D-4E0D-BBBE-10A14565C0DA}"
EndProject
Project("{FAE04EC0-301F-11D3-BF4B-00C04F79EFBC}") = "Example.Tests", "Example.Tests\Example.Tests.csproj", "{E4BF43F7-72C0-41BD-8321-3836439733DA}"
EndProject
Global
	GlobalSection(SolutionConfigurationPlatforms) = preSolution
		Debug|Any CPU = Debug|Any CPU
		Debug|x64 = Debug|x64
		Debug|x86 = Debug|x86
		Release|Any CPU = Release|Any CPU
		Release|x64 = Release|x64
		Release|x86 = Release|x86
	EndGlobalSection
	GlobalSection(SolutionProperties) = preSolution
		HideSolutionNode = FALSE
	EndGlobalSection
	GlobalSection(ProjectConfigurationPlatforms) = postSolution
		{9252D4D1-276D-4E0D-BBBE-10A14565C0DA}.Debug|Any CPU.ActiveCfg = Debug|Any CPU
		{9252D4D1-276D-4E0D-BBBE-10A14565C0DA}.Debug|Any CPU.Build.0 = Debug|Any CPU
		{9252D4D1-276D-4E0D-BBBE-10A14565C0DA}.Debug|x64.ActiveCfg = Debug|Any CPU
		{9252D4D1-276D-4E0D-BBBE-10A14565C0DA}.Debug|x64.Build.0 = Debug|Any CPU
		{9252D4D1-276D-4E0D-BBBE-10A14565C0DA}.Debug|x86.ActiveCfg = Debug|Any CPU
		{9252D4D1-276D-4E0D-BBBE-10A14565C0DA}.Debug|x86.Build.0 = Debug|Any CPU
		{9252D4D1-276D-4E0D-BBBE-10A14565C0DA}.Release|Any CPU.ActiveCfg = Release|Any CPU
		{9252D4D1-276D-4E0D-BBBE-10A14565C0DA}.Release|Any CPU.Build.0 = Release|Any CPU
		{9252D4D1-276D-4E0D-BBBE-10A14565C0DA}.Release|x64.ActiveCfg = Release|Any CPU
		{9252D4D1-276D-4E0D-BBBE-10A14565C0DA}.Release|x64.Build.0 = Release|Any CPU
		{9252D4D1-276D-4E0D-BBBE-10A14565C0DA}.Release|x86.ActiveCfg = Release|Any CPU
		{9252D4D1-276D-4E0D-BBBE-10A14565C0DA}.Release|x86.Build.0 = Release|Any CPU
		{E4BF43F7-72C0-41BD-8321-3836439733DA}.Debug|Any CPU.ActiveCfg = Debug|Any CPU
		{E4BF43F7-72C0-41BD-8321-3836439733DA}.Debug|Any CPU.Build.0 = Debug|Any CPU
		{E4BF43F7-72C0-41BD-8321-3836439733DA}.Debug|x64.ActiveCfg = Debug|Any CPU
		{E4BF43F7-72C0-41BD-8321-3836439733DA}.Debug|x64.Build.0 = Debug|Any CPU
		{E4BF43F7-72C0-41BD-8321-3836439733DA}.Debug|x86.ActiveCfg = Debug|Any CPU
		{E4BF43F7-72C0-41BD-8321-3836439733DA}.Debug|x86.Build.0 = Debug|Any CPU
		{E4BF43F7-72C0-41BD-8321-3836439733DA}.Release|Any CPU.ActiveCfg = Release|Any CPU
		{E4BF43F7-72C0-41BD-8321-3836439733DA}.Release|Any CPU.Build.0 = Release|Any CPU
		{E4BF43F7-72C0-41BD-8321-3836439733DA}.Release|x64.ActiveCfg = Release|Any CPU
		{E4BF43F7-72C0-41BD-8321-3836439733DA}.Release|x64.Build.0 = Release|Any CPU
		{E4BF43F7-72C0-41BD-8321-3836439733DA}.Release|x86.ActiveCfg = Release|Any CPU
		{E4BF43F7-72C0-41BD-8321-3836439733DA}.Release|x86.Build.0 = Release|Any CPU
	EndGlobalSection
EndGlobal
